gopkg.in/gomisc/errors.v1 v1.3.2 h1:iM57rzY/A1qjapgo0LDWEPW1O3FQ+Y98qN4SBHqUovo=
gopkg.in/gomisc/errors.v1 v1.3.2/go.mod h1:z7nANIB65fI7yb7omiOWPC1vdhRi/++sCCvdZ4/XLi4=
gopkg.in/gomisc/fields.v1 v1.1.2 h1:D82kQXcDnlhn4Dd1fjVlKdw4S/LCfISg9FhO6smQRcs=
gopkg.in/gomisc/fields.v1 v1.1.2/go.mod h1:Q0YwEe/Bqu/ETnjP4mMfqirs9tsbWr1/LeYHiH+VUw0=
